
Microsoft Visual Studio Solution File, Format Version 12.00
# Visual Studio Version 17
VisualStudioVersion = 17.14.36414.22 d17.14
MinimumVisualStudioVersion = 10.0.40219.1
Project("{FAE04EC0-301F-11D3-BF4B-00C04F79EFBC}") = "UnoViewer-Core-MVC", "UnoViewer-Core-MVC.csproj", "{D6625EB1-7CD9-48C3-B1D1-3566B1319F5D}"
EndProject
Global
	GlobalSection(SolutionConfigurationPlatforms) = preSolution
		Debug|Any CPU = Debug|Any CPU
		Release|Any CPU = Release|Any CPU
	EndGlobalSection
	GlobalSection(ProjectConfigurationPlatforms) = postSolution
		{D6625EB1-7CD9-48C3-B1D1-3566B1319F5D}.Debug|Any CPU.ActiveCfg = Debug|Any CPU
		{D6625EB1-7CD9-48C3-B1D1-3566B1319F5D}.Debug|Any CPU.Build.0 = Debug|Any CPU
		{D6625EB1-7CD9-48C3-B1D1-3566B1319F5D}.Release|Any CPU.ActiveCfg = Release|Any CPU
		{D6625EB1-7CD9-48C3-B1D1-3566B1319F5D}.Release|Any CPU.Build.0 = Release|Any CPU
	EndGlobalSection
	GlobalSection(SolutionProperties) = preSolution
		HideSolutionNode = FALSE
	EndGlobalSection
	GlobalSection(ExtensibilityGlobals) = postSolution
		SolutionGuid = {F81EB739-2019-4AAF-A667-C6E082EE0D50}
	EndGlobalSection
EndGlobal
